// !$*UTF8*$!
{
	archiveVersion = 1;
	classes = {
	};
	objectVersion = 50;
	objects = {

/* Begin PBXBuildFile section */
		2BC218AAF8EC09D6D9FF3C8E /* Pods_Go_JekTests.framework in Frameworks */ = {isa = PBXBuildFile; fileRef = 907EC03FF658162CD41E3839 /* Pods_Go_JekTests.framework */; };
		575DB76EEA0F59F9F3B3775B /* Pods_Go_Jek.framework in Frameworks */ = {isa = PBXBuildFile; fileRef = 736D61200AC6302C9ACCADDA /* Pods_Go_Jek.framework */; };
		5B4FF5BC230C314F00619847 /* ContactListProtocols.swift in Sources */ = {isa = PBXBuildFile; fileRef = 5B4FF5B4230C314F00619847 /* ContactListProtocols.swift */; };
		5B4FF5BD230C314F00619847 /* ContactListRouter.swift in Sources */ = {isa = PBXBuildFile; fileRef = 5B4FF5B5230C314F00619847 /* ContactListRouter.swift */; };
		5B4FF5BE230C314F00619847 /* ContactListViewController.swift in Sources */ = {isa = PBXBuildFile; fileRef = 5B4FF5B6230C314F00619847 /* ContactListViewController.swift */; };
		5B4FF5BF230C314F00619847 /* ContactListInteractor.swift in Sources */ = {isa = PBXBuildFile; fileRef = 5B4FF5B7230C314F00619847 /* ContactListInteractor.swift */; };
		5B4FF5C0230C314F00619847 /* DataModel.swift in Sources */ = {isa = PBXBuildFile; fileRef = 5B4FF5B8230C314F00619847 /* DataModel.swift */; };
		5B4FF5C1230C314F00619847 /* ContactListPresenter.swift in Sources */ = {isa = PBXBuildFile; fileRef = 5B4FF5B9230C314F00619847 /* ContactListPresenter.swift */; };
		5B4FF5C2230C314F00619847 /* ContactListModel.swift in Sources */ = {isa = PBXBuildFile; fileRef = 5B4FF5BA230C314F00619847 /* ContactListModel.swift */; };
		5B4FF5C3230C314F00619847 /* ContactListViewExtention.swift in Sources */ = {isa = PBXBuildFile; fileRef = 5B4FF5BB230C314F00619847 /* ContactListViewExtention.swift */; };
		5B4FF5C6230C318600619847 /* ContactListCell.swift in Sources */ = {isa = PBXBuildFile; fileRef = 5B4FF5C5230C318600619847 /* ContactListCell.swift */; };
		5B6D8829230BB8EF00F53A34 /* AppDelegate.swift in Sources */ = {isa = PBXBuildFile; fileRef = 5B6D8828230BB8EF00F53A34 /* AppDelegate.swift */; };
		5B6D882B230BB8EF00F53A34 /* ViewController.swift in Sources */ = {isa = PBXBuildFile; fileRef = 5B6D882A230BB8EF00F53A34 /* ViewController.swift */; };
		5B6D882E230BB8EF00F53A34 /* Main.storyboard in Resources */ = {isa = PBXBuildFile; fileRef = 5B6D882C230BB8EF00F53A34 /* Main.storyboard */; };
		5B6D8830230BB8F100F53A34 /* Assets.xcassets in Resources */ = {isa = PBXBuildFile; fileRef = 5B6D882F230BB8F100F53A34 /* Assets.xcassets */; };
		5B6D8833230BB8F100F53A34 /* LaunchScreen.storyboard in Resources */ = {isa = PBXBuildFile; fileRef = 5B6D8831230BB8F100F53A34 /* LaunchScreen.storyboard */; };
		5B6D883E230BB8F100F53A34 /* Go_JekTests.swift in Sources */ = {isa = PBXBuildFile; fileRef = 5B6D883D230BB8F100F53A34 /* Go_JekTests.swift */; };
		5B6D8849230BB8F100F53A34 /* Go_JekUITests.swift in Sources */ = {isa = PBXBuildFile; fileRef = 5B6D8848230BB8F100F53A34 /* Go_JekUITests.swift */; };
		5B6D885A230BB9B500F53A34 /* Domain.swift in Sources */ = {isa = PBXBuildFile; fileRef = 5B6D8856230BB9B400F53A34 /* Domain.swift */; };
		5B6D885B230BB9B500F53A34 /* EndPoints.swift in Sources */ = {isa = PBXBuildFile; fileRef = 5B6D8857230BB9B400F53A34 /* EndPoints.swift */; };
		5B6D885C230BB9B500F53A34 /* NetworkManager.swift in Sources */ = {isa = PBXBuildFile; fileRef = 5B6D8858230BB9B500F53A34 /* NetworkManager.swift */; };
		5B6D885D230BB9B500F53A34 /* NWResultStatusEnum.swift in Sources */ = {isa = PBXBuildFile; fileRef = 5B6D8859230BB9B500F53A34 /* NWResultStatusEnum.swift */; };
		5B6D8862230BB9E400F53A34 /* Constants.swift in Sources */ = {isa = PBXBuildFile; fileRef = 5B6D885F230BB9E300F53A34 /* Constants.swift */; };
		5B6D8863230BB9E400F53A34 /* UIViewControllerExtention.swift in Sources */ = {isa = PBXBuildFile; fileRef = 5B6D8860230BB9E300F53A34 /* UIViewControllerExtention.swift */; };
		5B6D8864230BB9E400F53A34 /* Utility.swift in Sources */ = {isa = PBXBuildFile; fileRef = 5B6D8861230BB9E400F53A34 /* Utility.swift */; };
		9015FC6C990F6A39FE21B800 /* Pods_Go_JekUITests.framework in Frameworks */ = {isa = PBXBuildFile; fileRef = 38010C75CF12FDBBD9BC2397 /* Pods_Go_JekUITests.framework */; };
/* End PBXBuildFile section */

/* Begin PBXContainerItemProxy section */
		5B6D883A230BB8F100F53A34 /* PBXContainerItemProxy */ = {
			isa = PBXContainerItemProxy;
			containerPortal = 5B6D881D230BB8EF00F53A34 /* Project object */;
			proxyType = 1;
			remoteGlobalIDString = 5B6D8824230BB8EF00F53A34;
			remoteInfo = "Go-Jek";
		};
		5B6D8845230BB8F100F53A34 /* PBXContainerItemProxy */ = {
			isa = PBXContainerItemProxy;
			containerPortal = 5B6D881D230BB8EF00F53A34 /* Project object */;
			proxyType = 1;
			remoteGlobalIDString = 5B6D8824230BB8EF00F53A34;
			remoteInfo = "Go-Jek";
		};
/* End PBXContainerItemProxy section */

/* Begin PBXFileReference section */
		38010C75CF12FDBBD9BC2397 /* Pods_Go_JekUITests.framework */ = {isa = PBXFileReference; explicitFileType = wrapper.framework; includeInIndex = 0; path = Pods_Go_JekUITests.framework; sourceTree = BUILT_PRODUCTS_DIR; };
		5B4FF5B4230C314F00619847 /* ContactListProtocols.swift */ = {isa = PBXFileReference; fileEncoding = 4; lastKnownFileType = sourcecode.swift; path = ContactListProtocols.swift; sourceTree = "<group>"; };
		5B4FF5B5230C314F00619847 /* ContactListRouter.swift */ = {isa = PBXFileReference; fileEncoding = 4; lastKnownFileType = sourcecode.swift; path = ContactListRouter.swift; sourceTree = "<group>"; };
		5B4FF5B6230C314F00619847 /* ContactListViewController.swift */ = {isa = PBXFileReference; fileEncoding = 4; lastKnownFileType = sourcecode.swift; path = ContactListViewController.swift; sourceTree = "<group>"; };
		5B4FF5B7230C314F00619847 /* ContactListInteractor.swift */ = {isa = PBXFileReference; fileEncoding = 4; lastKnownFileType = sourcecode.swift; path = ContactListInteractor.swift; sourceTree = "<group>"; };
		5B4FF5B8230C314F00619847 /* DataModel.swift */ = {isa = PBXFileReference; fileEncoding = 4; lastKnownFileType = sourcecode.swift; path = DataModel.swift; sourceTree = "<group>"; };
		5B4FF5B9230C314F00619847 /* ContactListPresenter.swift */ = {isa = PBXFileReference; fileEncoding = 4; lastKnownFileType = sourcecode.swift; path = ContactListPresenter.swift; sourceTree = "<group>"; };
		5B4FF5BA230C314F00619847 /* ContactListModel.swift */ = {isa = PBXFileReference; fileEncoding = 4; lastKnownFileType = sourcecode.swift; path = ContactListModel.swift; sourceTree = "<group>"; };
		5B4FF5BB230C314F00619847 /* ContactListViewExtention.swift */ = {isa = PBXFileReference; fileEncoding = 4; lastKnownFileType = sourcecode.swift; path = ContactListViewExtention.swift; sourceTree = "<group>"; };
		5B4FF5C5230C318600619847 /* ContactListCell.swift */ = {isa = PBXFileReference; fileEncoding = 4; lastKnownFileType = sourcecode.swift; path = ContactListCell.swift; sourceTree = "<group>"; };
		5B6D8825230BB8EF00F53A34 /* Go-Jek.app */ = {isa = PBXFileReference; explicitFileType = wrapper.application; includeInIndex = 0; path = "Go-Jek.app"; sourceTree = BUILT_PRODUCTS_DIR; };
		5B6D8828230BB8EF00F53A34 /* AppDelegate.swift */ = {isa = PBXFileReference; lastKnownFileType = sourcecode.swift; path = AppDelegate.swift; sourceTree = "<group>"; };
		5B6D882A230BB8EF00F53A34 /* ViewController.swift */ = {isa = PBXFileReference; lastKnownFileType = sourcecode.swift; path = ViewController.swift; sourceTree = "<group>"; };
		5B6D882D230BB8EF00F53A34 /* Base */ = {isa = PBXFileReference; lastKnownFileType = file.storyboard; name = Base; path = Base.lproj/Main.storyboard; sourceTree = "<group>"; };
		5B6D882F230BB8F100F53A34 /* Assets.xcassets */ = {isa = PBXFileReference; lastKnownFileType = folder.assetcatalog; path = Assets.xcassets; sourceTree = "<group>"; };
		5B6D8832230BB8F100F53A34 /* Base */ = {isa = PBXFileReference; lastKnownFileType = file.storyboard; name = Base; path = Base.lproj/LaunchScreen.storyboard; sourceTree = "<group>"; };
		5B6D8834230BB8F100F53A34 /* Info.plist */ = {isa = PBXFileReference; lastKnownFileType = text.plist.xml; path = Info.plist; sourceTree = "<group>"; };
		5B6D8839230BB8F100F53A34 /* Go-JekTests.xctest */ = {isa = PBXFileReference; explicitFileType = wrapper.cfbundle; includeInIndex = 0; path = "Go-JekTests.xctest"; sourceTree = BUILT_PRODUCTS_DIR; };
		5B6D883D230BB8F100F53A34 /* Go_JekTests.swift */ = {isa = PBXFileReference; lastKnownFileType = sourcecode.swift; path = Go_JekTests.swift; sourceTree = "<group>"; };
		5B6D883F230BB8F100F53A34 /* Info.plist */ = {isa = PBXFileReference; lastKnownFileType = text.plist.xml; path = Info.plist; sourceTree = "<group>"; };
		5B6D8844230BB8F100F53A34 /* Go-JekUITests.xctest */ = {isa = PBXFileReference; explicitFileType = wrapper.cfbundle; includeInIndex = 0; path = "Go-JekUITests.xctest"; sourceTree = BUILT_PRODUCTS_DIR; };
		5B6D8848230BB8F100F53A34 /* Go_JekUITests.swift */ = {isa = PBXFileReference; lastKnownFileType = sourcecode.swift; path = Go_JekUITests.swift; sourceTree = "<group>"; };
		5B6D884A230BB8F100F53A34 /* Info.plist */ = {isa = PBXFileReference; lastKnownFileType = text.plist.xml; path = Info.plist; sourceTree = "<group>"; };
		5B6D8856230BB9B400F53A34 /* Domain.swift */ = {isa = PBXFileReference; fileEncoding = 4; lastKnownFileType = sourcecode.swift; path = Domain.swift; sourceTree = "<group>"; };
		5B6D8857230BB9B400F53A34 /* EndPoints.swift */ = {isa = PBXFileReference; fileEncoding = 4; lastKnownFileType = sourcecode.swift; path = EndPoints.swift; sourceTree = "<group>"; };
		5B6D8858230BB9B500F53A34 /* NetworkManager.swift */ = {isa = PBXFileReference; fileEncoding = 4; lastKnownFileType = sourcecode.swift; path = NetworkManager.swift; sourceTree = "<group>"; };
		5B6D8859230BB9B500F53A34 /* NWResultStatusEnum.swift */ = {isa = PBXFileReference; fileEncoding = 4; lastKnownFileType = sourcecode.swift; path = NWResultStatusEnum.swift; sourceTree = "<group>"; };
		5B6D885F230BB9E300F53A34 /* Constants.swift */ = {isa = PBXFileReference; fileEncoding = 4; lastKnownFileType = sourcecode.swift; path = Constants.swift; sourceTree = "<group>"; };
		5B6D8860230BB9E300F53A34 /* UIViewControllerExtention.swift */ = {isa = PBXFileReference; fileEncoding = 4; lastKnownFileType = sourcecode.swift; path = UIViewControllerExtention.swift; sourceTree = "<group>"; };
		5B6D8861230BB9E400F53A34 /* Utility.swift */ = {isa = PBXFileReference; fileEncoding = 4; lastKnownFileType = sourcecode.swift; path = Utility.swift; sourceTree = "<group>"; };
		61011AC00CC932DE7C6FD42C /* Pods-Go-JekTests.debug.xcconfig */ = {isa = PBXFileReference; includeInIndex = 1; lastKnownFileType = text.xcconfig; name = "Pods-Go-JekTests.debug.xcconfig"; path = "Pods/Target Support Files/Pods-Go-JekTests/Pods-Go-JekTests.debug.xcconfig"; sourceTree = "<group>"; };
		736D61200AC6302C9ACCADDA /* Pods_Go_Jek.framework */ = {isa = PBXFileReference; explicitFileType = wrapper.framework; includeInIndex = 0; path = Pods_Go_Jek.framework; sourceTree = BUILT_PRODUCTS_DIR; };
		8B4F6F4229E6AB52D45C1ECB /* Pods-Go-JekTests.release.xcconfig */ = {isa = PBXFileReference; includeInIndex = 1; lastKnownFileType = text.xcconfig; name = "Pods-Go-JekTests.release.xcconfig"; path = "Pods/Target Support Files/Pods-Go-JekTests/Pods-Go-JekTests.release.xcconfig"; sourceTree = "<group>"; };
		907EC03FF658162CD41E3839 /* Pods_Go_JekTests.framework */ = {isa = PBXFileReference; explicitFileType = wrapper.framework; includeInIndex = 0; path = Pods_Go_JekTests.framework; sourceTree = BUILT_PRODUCTS_DIR; };
		A65183817453EBA6B343AD43 /* Pods-Go-JekUITests.release.xcconfig */ = {isa = PBXFileReference; includeInIndex = 1; lastKnownFileType = text.xcconfig; name = "Pods-Go-JekUITests.release.xcconfig"; path = "Pods/Target Support Files/Pods-Go-JekUITests/Pods-Go-JekUITests.release.xcconfig"; sourceTree = "<group>"; };
		D7DC535195FF06ABC35AF656 /* Pods-Go-JekUITests.debug.xcconfig */ = {isa = PBXFileReference; includeInIndex = 1; lastKnownFileType = text.xcconfig; name = "Pods-Go-JekUITests.debug.xcconfig"; path = "Pods/Target Support Files/Pods-Go-JekUITests/Pods-Go-JekUITests.debug.xcconfig"; sourceTree = "<group>"; };
		E274F1C6B628EDEC04FA2088 /* Pods-Go-Jek.debug.xcconfig */ = {isa = PBXFileReference; includeInIndex = 1; lastKnownFileType = text.xcconfig; name = "Pods-Go-Jek.debug.xcconfig"; path = "Pods/Target Support Files/Pods-Go-Jek/Pods-Go-Jek.debug.xcconfig"; sourceTree = "<group>"; };
		ECF6C4499E67054A54272F5C /* Pods-Go-Jek.release.xcconfig */ = {isa = PBXFileReference; includeInIndex = 1; lastKnownFileType = text.xcconfig; name = "Pods-Go-Jek.release.xcconfig"; path = "Pods/Target Support Files/Pods-Go-Jek/Pods-Go-Jek.release.xcconfig"; sourceTree = "<group>"; };
/* End PBXFileReference section */

/* Begin PBXFrameworksBuildPhase section */
		5B6D8822230BB8EF00F53A34 /* Frameworks */ = {
			isa = PBXFrameworksBuildPhase;
			buildActionMask = 2147483647;
			files = (
				575DB76EEA0F59F9F3B3775B /* Pods_Go_Jek.framework in Frameworks */,
			);
			runOnlyForDeploymentPostprocessing = 0;
		};
		5B6D8836230BB8F100F53A34 /* Frameworks */ = {
			isa = PBXFrameworksBuildPhase;
			buildActionMask = 2147483647;
			files = (
				2BC218AAF8EC09D6D9FF3C8E /* Pods_Go_JekTests.framework in Frameworks */,
			);
			runOnlyForDeploymentPostprocessing = 0;
		};
		5B6D8841230BB8F100F53A34 /* Frameworks */ = {
			isa = PBXFrameworksBuildPhase;
			buildActionMask = 2147483647;
			files = (
				9015FC6C990F6A39FE21B800 /* Pods_Go_JekUITests.framework in Frameworks */,
			);
			runOnlyForDeploymentPostprocessing = 0;
		};
/* End PBXFrameworksBuildPhase section */

/* Begin PBXGroup section */
		3424ECCA11A031237941AF38 /* Frameworks */ = {
			isa = PBXGroup;
			children = (
				736D61200AC6302C9ACCADDA /* Pods_Go_Jek.framework */,
				907EC03FF658162CD41E3839 /* Pods_Go_JekTests.framework */,
				38010C75CF12FDBBD9BC2397 /* Pods_Go_JekUITests.framework */,
			);
			name = Frameworks;
			sourceTree = "<group>";
		};
		5B4FF5B3230C313500619847 /* ContactList */ = {
			isa = PBXGroup;
			children = (
				5B4FF5C4230C317500619847 /* Cell */,
				5B4FF5B7230C314F00619847 /* ContactListInteractor.swift */,
				5B4FF5BA230C314F00619847 /* ContactListModel.swift */,
				5B4FF5B9230C314F00619847 /* ContactListPresenter.swift */,
				5B4FF5B4230C314F00619847 /* ContactListProtocols.swift */,
				5B4FF5B5230C314F00619847 /* ContactListRouter.swift */,
				5B4FF5B6230C314F00619847 /* ContactListViewController.swift */,
				5B4FF5BB230C314F00619847 /* ContactListViewExtention.swift */,
				5B4FF5B8230C314F00619847 /* DataModel.swift */,
			);
			path = ContactList;
			sourceTree = "<group>";
		};
		5B4FF5C4230C317500619847 /* Cell */ = {
			isa = PBXGroup;
			children = (
				5B4FF5C5230C318600619847 /* ContactListCell.swift */,
			);
			path = Cell;
			sourceTree = "<group>";
		};
		5B6D881C230BB8EF00F53A34 = {
			isa = PBXGroup;
			children = (
				5B6D8827230BB8EF00F53A34 /* Go-Jek */,
				5B6D883C230BB8F100F53A34 /* Go-JekTests */,
				5B6D8847230BB8F100F53A34 /* Go-JekUITests */,
				5B6D8826230BB8EF00F53A34 /* Products */,
				95B25090374EDA8220E7CDBD /* Pods */,
				3424ECCA11A031237941AF38 /* Frameworks */,
			);
			sourceTree = "<group>";
		};
		5B6D8826230BB8EF00F53A34 /* Products */ = {
			isa = PBXGroup;
			children = (
				5B6D8825230BB8EF00F53A34 /* Go-Jek.app */,
				5B6D8839230BB8F100F53A34 /* Go-JekTests.xctest */,
				5B6D8844230BB8F100F53A34 /* Go-JekUITests.xctest */,
			);
			name = Products;
			sourceTree = "<group>";
		};
		5B6D8827230BB8EF00F53A34 /* Go-Jek */ = {
			isa = PBXGroup;
			children = (
				5B6D8828230BB8EF00F53A34 /* AppDelegate.swift */,
				5B6D8865230BB9E900F53A34 /* CommonFeatures */,
				5B6D885E230BB9BD00F53A34 /* NetworkLayer */,
				5B6D882A230BB8EF00F53A34 /* ViewController.swift */,
				5B4FF5B3230C313500619847 /* ContactList */,
				5B6D882C230BB8EF00F53A34 /* Main.storyboard */,
				5B6D882F230BB8F100F53A34 /* Assets.xcassets */,
				5B6D8831230BB8F100F53A34 /* LaunchScreen.storyboard */,
				5B6D8834230BB8F100F53A34 /* Info.plist */,
			);
			path = "Go-Jek";
			sourceTree = "<group>";
		};
		5B6D883C230BB8F100F53A34 /* Go-JekTests */ = {
			isa = PBXGroup;
			children = (
				5B6D883D230BB8F100F53A34 /* Go_JekTests.swift */,
				5B6D883F230BB8F100F53A34 /* Info.plist */,
			);
			path = "Go-JekTests";
			sourceTree = "<group>";
		};
		5B6D8847230BB8F100F53A34 /* Go-JekUITests */ = {
			isa = PBXGroup;
			children = (
				5B6D8848230BB8F100F53A34 /* Go_JekUITests.swift */,
				5B6D884A230BB8F100F53A34 /* Info.plist */,
			);
			path = "Go-JekUITests";
			sourceTree = "<group>";
		};
		5B6D885E230BB9BD00F53A34 /* NetworkLayer */ = {
			isa = PBXGroup;
			children = (
				5B6D8856230BB9B400F53A34 /* Domain.swift */,
				5B6D8857230BB9B400F53A34 /* EndPoints.swift */,
				5B6D8858230BB9B500F53A34 /* NetworkManager.swift */,
				5B6D8859230BB9B500F53A34 /* NWResultStatusEnum.swift */,
			);
			path = NetworkLayer;
			sourceTree = "<group>";
		};
		5B6D8865230BB9E900F53A34 /* CommonFeatures */ = {
			isa = PBXGroup;
			children = (
				5B6D885F230BB9E300F53A34 /* Constants.swift */,
				5B6D8860230BB9E300F53A34 /* UIViewControllerExtention.swift */,
				5B6D8861230BB9E400F53A34 /* Utility.swift */,
			);
			path = CommonFeatures;
			sourceTree = "<group>";
		};
		95B25090374EDA8220E7CDBD /* Pods */ = {
			isa = PBXGroup;
			children = (
				E274F1C6B628EDEC04FA2088 /* Pods-Go-Jek.debug.xcconfig */,
				ECF6C4499E67054A54272F5C /* Pods-Go-Jek.release.xcconfig */,
				61011AC00CC932DE7C6FD42C /* Pods-Go-JekTests.debug.xcconfig */,
				8B4F6F4229E6AB52D45C1ECB /* Pods-Go-JekTests.release.xcconfig */,
				D7DC535195FF06ABC35AF656 /* Pods-Go-JekUITests.debug.xcconfig */,
				A65183817453EBA6B343AD43 /* Pods-Go-JekUITests.release.xcconfig */,
			);
			name = Pods;
			sourceTree = "<group>";
		};
/* End PBXGroup section */

/* Begin PBXNativeTarget section */
		5B6D8824230BB8EF00F53A34 /* Go-Jek */ = {
			isa = PBXNativeTarget;
			buildConfigurationList = 5B6D884D230BB8F100F53A34 /* Build configuration list for PBXNativeTarget "Go-Jek" */;
			buildPhases = (
				0B5204B756F2313D5A572D8E /* [CP] Check Pods Manifest.lock */,
				5B6D8821230BB8EF00F53A34 /* Sources */,
				5B6D8822230BB8EF00F53A34 /* Frameworks */,
				5B6D8823230BB8EF00F53A34 /* Resources */,
				5F2CB6D1B0AE716A5F2BBD27 /* [CP] Embed Pods Frameworks */,
			);
			buildRules = (
			);
			dependencies = (
			);
			name = "Go-Jek";
			productName = "Go-Jek";
			productReference = 5B6D8825230BB8EF00F53A34 /* Go-Jek.app */;
			productType = "com.apple.product-type.application";
		};
		5B6D8838230BB8F100F53A34 /* Go-JekTests */ = {
			isa = PBXNativeTarget;
			buildConfigurationList = 5B6D8850230BB8F100F53A34 /* Build configuration list for PBXNativeTarget "Go-JekTests" */;
			buildPhases = (
				27D65F64584E9724F0890C43 /* [CP] Check Pods Manifest.lock */,
				5B6D8835230BB8F100F53A34 /* Sources */,
				5B6D8836230BB8F100F53A34 /* Frameworks */,
				5B6D8837230BB8F100F53A34 /* Resources */,
			);
			buildRules = (
			);
			dependencies = (
				5B6D883B230BB8F100F53A34 /* PBXTargetDependency */,
			);
			name = "Go-JekTests";
			productName = "Go-JekTests";
			productReference = 5B6D8839230BB8F100F53A34 /* Go-JekTests.xctest */;
			productType = "com.apple.product-type.bundle.unit-test";
		};
		5B6D8843230BB8F100F53A34 /* Go-JekUITests */ = {
			isa = PBXNativeTarget;
			buildConfigurationList = 5B6D8853230BB8F100F53A34 /* Build configuration list for PBXNativeTarget "Go-JekUITests" */;
			buildPhases = (
				5D6F24AD59BC77988D9B2760 /* [CP] Check Pods Manifest.lock */,
				5B6D8840230BB8F100F53A34 /* Sources */,
				5B6D8841230BB8F100F53A34 /* Frameworks */,
				5B6D8842230BB8F100F53A34 /* Resources */,
			);
			buildRules = (
			);
			dependencies = (
				5B6D8846230BB8F100F53A34 /* PBXTargetDependency */,
			);
			name = "Go-JekUITests";
			productName = "Go-JekUITests";
			productReference = 5B6D8844230BB8F100F53A34 /* Go-JekUITests.xctest */;
			productType = "com.apple.product-type.bundle.ui-testing";
		};
/* End PBXNativeTarget section */

/* Begin PBXProject section */
		5B6D881D230BB8EF00F53A34 /* Project object */ = {
			isa = PBXProject;
			attributes = {
				LastSwiftUpdateCheck = 1030;
				LastUpgradeCheck = 1030;
				ORGANIZATIONNAME = "Satendra Singh";
				TargetAttributes = {
					5B6D8824230BB8EF00F53A34 = {
						CreatedOnToolsVersion = 10.3;
					};
					5B6D8838230BB8F100F53A34 = {
						CreatedOnToolsVersion = 10.3;
						TestTargetID = 5B6D8824230BB8EF00F53A34;
					};
					5B6D8843230BB8F100F53A34 = {
						CreatedOnToolsVersion = 10.3;
						TestTargetID = 5B6D8824230BB8EF00F53A34;
					};
				};
			};
			buildConfigurationList = 5B6D8820230BB8EF00F53A34 /* Build configuration list for PBXProject "Go-Jek" */;
			compatibilityVersion = "Xcode 9.3";
			developmentRegion = en;
			hasScannedForEncodings = 0;
			knownRegions = (
				en,
				Base,
			);
			mainGroup = 5B6D881C230BB8EF00F53A34;
			productRefGroup = 5B6D8826230BB8EF00F53A34 /* Products */;
			projectDirPath = "";
			projectRoot = "";
			targets = (
				5B6D8824230BB8EF00F53A34 /* Go-Jek */,
				5B6D8838230BB8F100F53A34 /* Go-JekTests */,
				5B6D8843230BB8F100F53A34 /* Go-JekUITests */,
			);
		};
/* End PBXProject section */

/* Begin PBXResourcesBuildPhase section */
		5B6D8823230BB8EF00F53A34 /* Resources */ = {
			isa = PBXResourcesBuildPhase;
			buildActionMask = 2147483647;
			files = (
				5B6D8833230BB8F100F53A34 /* LaunchScreen.storyboard in Resources */,
				5B6D8830230BB8F100F53A34 /* Assets.xcassets in Resources */,
				5B6D882E230BB8EF00F53A34 /* Main.storyboard in Resources */,
			);
			runOnlyForDeploymentPostprocessing = 0;
		};
		5B6D8837230BB8F100F53A34 /* Resources */ = {
			isa = PBXResourcesBuildPhase;
			buildActionMask = 2147483647;
			files = (
			);
			runOnlyForDeploymentPostprocessing = 0;
		};
		5B6D8842230BB8F100F53A34 /* Resources */ = {
			isa = PBXResourcesBuildPhase;
			buildActionMask = 2147483647;
			files = (
			);
			runOnlyForDeploymentPostprocessing = 0;
		};
/* End PBXResourcesBuildPhase section */

/* Begin PBXShellScriptBuildPhase section */
		0B5204B756F2313D5A572D8E /* [CP] Check Pods Manifest.lock */ = {
			isa = PBXShellScriptBuildPhase;
			buildActionMask = 2147483647;
			files = (
			);
			inputPaths = (
				"${PODS_PODFILE_DIR_PATH}/Podfile.lock",
				"${PODS_ROOT}/Manifest.lock",
			);
			name = "[CP] Check Pods Manifest.lock";
			outputPaths = (
				"$(DERIVED_FILE_DIR)/Pods-Go-Jek-checkManifestLockResult.txt",
			);
			runOnlyForDeploymentPostprocessing = 0;
			shellPath = /bin/sh;
			shellScript = "diff \"${PODS_PODFILE_DIR_PATH}/Podfile.lock\" \"${PODS_ROOT}/Manifest.lock\" > /dev/null\nif [ $? != 0 ] ; then\n    # print error to STDERR\n    echo \"error: The sandbox is not in sync with the Podfile.lock. Run 'pod install' or update your CocoaPods installation.\" >&2\n    exit 1\nfi\n# This output is used by Xcode 'outputs' to avoid re-running this script phase.\necho \"SUCCESS\" > \"${SCRIPT_OUTPUT_FILE_0}\"\n";
			showEnvVarsInLog = 0;
		};
		27D65F64584E9724F0890C43 /* [CP] Check Pods Manifest.lock */ = {
			isa = PBXShellScriptBuildPhase;
			buildActionMask = 2147483647;
			files = (
			);
			inputPaths = (
				"${PODS_PODFILE_DIR_PATH}/Podfile.lock",
				"${PODS_ROOT}/Manifest.lock",
			);
			name = "[CP] Check Pods Manifest.lock";
			outputPaths = (
				"$(DERIVED_FILE_DIR)/Pods-Go-JekTests-checkManifestLockResult.txt",
			);
			runOnlyForDeploymentPostprocessing = 0;
			shellPath = /bin/sh;
			shellScript = "diff \"${PODS_PODFILE_DIR_PATH}/Podfile.lock\" \"${PODS_ROOT}/Manifest.lock\" > /dev/null\nif [ $? != 0 ] ; then\n    # print error to STDERR\n    echo \"error: The sandbox is not in sync with the Podfile.lock. Run 'pod install' or update your CocoaPods installation.\" >&2\n    exit 1\nfi\n# This output is used by Xcode 'outputs' to avoid re-running this script phase.\necho \"SUCCESS\" > \"${SCRIPT_OUTPUT_FILE_0}\"\n";
			showEnvVarsInLog = 0;
		};
		5D6F24AD59BC77988D9B2760 /* [CP] Check Pods Manifest.lock */ = {
			isa = PBXShellScriptBuildPhase;
			buildActionMask = 2147483647;
			files = (
			);
			inputPaths = (
				"${PODS_PODFILE_DIR_PATH}/Podfile.lock",
				"${PODS_ROOT}/Manifest.lock",
			);
			name = "[CP] Check Pods Manifest.lock";
			outputPaths = (
				"$(DERIVED_FILE_DIR)/Pods-Go-JekUITests-checkManifestLockResult.txt",
			);
			runOnlyForDeploymentPostprocessing = 0;
			shellPath = /bin/sh;
			shellScript = "diff \"${PODS_PODFILE_DIR_PATH}/Podfile.lock\" \"${PODS_ROOT}/Manifest.lock\" > /dev/null\nif [ $? != 0 ] ; then\n    # print error to STDERR\n    echo \"error: The sandbox is not in sync with the Podfile.lock. Run 'pod install' or update your CocoaPods installation.\" >&2\n    exit 1\nfi\n# This output is used by Xcode 'outputs' to avoid re-running this script phase.\necho \"SUCCESS\" > \"${SCRIPT_OUTPUT_FILE_0}\"\n";
			showEnvVarsInLog = 0;
		};
		5F2CB6D1B0AE716A5F2BBD27 /* [CP] Embed Pods Frameworks */ = {
			isa = PBXShellScriptBuildPhase;
			buildActionMask = 2147483647;
			files = (
			);
			inputPaths = (
				"${SRCROOT}/Pods/Target Support Files/Pods-Go-Jek/Pods-Go-Jek-frameworks.sh",
				"${BUILT_PRODUCTS_DIR}/IQKeyboardManager/IQKeyboardManager.framework",
				"${BUILT_PRODUCTS_DIR}/SDWebImage/SDWebImage.framework",
			);
			name = "[CP] Embed Pods Frameworks";
			outputPaths = (
				"${TARGET_BUILD_DIR}/${FRAMEWORKS_FOLDER_PATH}/IQKeyboardManager.framework",
				"${TARGET_BUILD_DIR}/${FRAMEWORKS_FOLDER_PATH}/SDWebImage.framework",
			);
			runOnlyForDeploymentPostprocessing = 0;
			shellPath = /bin/sh;
			shellScript = "\"${SRCROOT}/Pods/Target Support Files/Pods-Go-Jek/Pods-Go-Jek-frameworks.sh\"\n";
			showEnvVarsInLog = 0;
		};
/* End PBXShellScriptBuildPhase section */

/* Begin PBXSourcesBuildPhase section */
		5B6D8821230BB8EF00F53A34 /* Sources */ = {
			isa = PBXSourcesBuildPhase;
			buildActionMask = 2147483647;
			files = (
				5B6D882B230BB8EF00F53A34 /* ViewController.swift in Sources */,
				5B6D8829230BB8EF00F53A34 /* AppDelegate.swift in Sources */,
				5B4FF5BC230C314F00619847 /* ContactListProtocols.swift in Sources */,
				5B6D8864230BB9E400F53A34 /* Utility.swift in Sources */,
				5B4FF5BF230C314F00619847 /* ContactListInteractor.swift in Sources */,
				5B6D885C230BB9B500F53A34 /* NetworkManager.swift in Sources */,
				5B4FF5C6230C318600619847 /* ContactListCell.swift in Sources */,
				5B4FF5BE230C314F00619847 /* ContactListViewController.swift in Sources */,
				5B4FF5C0230C314F00619847 /* DataModel.swift in Sources */,
				5B6D885B230BB9B500F53A34 /* EndPoints.swift in Sources */,
				5B6D8862230BB9E400F53A34 /* Constants.swift in Sources */,
				5B4FF5C2230C314F00619847 /* ContactListModel.swift in Sources */,
				5B6D8863230BB9E400F53A34 /* UIViewControllerExtention.swift in Sources */,
				5B6D885D230BB9B500F53A34 /* NWResultStatusEnum.swift in Sources */,
				5B4FF5C3230C314F00619847 /* ContactListViewExtention.swift in Sources */,
				5B6D885A230BB9B500F53A34 /* Domain.swift in Sources */,
				5B4FF5BD230C314F00619847 /* ContactListRouter.swift in Sources */,
				5B4FF5C1230C314F00619847 /* ContactListPresenter.swift in Sources */,
			);
			runOnlyForDeploymentPostprocessing = 0;
		};
		5B6D8835230BB8F100F53A34 /* Sources */ = {
			isa = PBXSourcesBuildPhase;
			buildActionMask = 2147483647;
			files = (
				5B6D883E230BB8F100F53A34 /* Go_JekTests.swift in Sources */,
			);
			runOnlyForDeploymentPostprocessing = 0;
		};
		5B6D8840230BB8F100F53A34 /* Sources */ = {
			isa = PBXSourcesBuildPhase;
			buildActionMask = 2147483647;
			files = (
				5B6D8849230BB8F100F53A34 /* Go_JekUITests.swift in Sources */,
			);
			runOnlyForDeploymentPostprocessing = 0;
		};
/* End PBXSourcesBuildPhase section */

/* Begin PBXTargetDependency section */
		5B6D883B230BB8F100F53A34 /* PBXTargetDependency */ = {
			isa = PBXTargetDependency;
			target = 5B6D8824230BB8EF00F53A34 /* Go-Jek */;
			targetProxy = 5B6D883A230BB8F100F53A34 /* PBXContainerItemProxy */;
		};
		5B6D8846230BB8F100F53A34 /* PBXTargetDependency */ = {
			isa = PBXTargetDependency;
			target = 5B6D8824230BB8EF00F53A34 /* Go-Jek */;
			targetProxy = 5B6D8845230BB8F100F53A34 /* PBXContainerItemProxy */;
		};
/* End PBXTargetDependency section */

/* Begin PBXVariantGroup section */
		5B6D882C230BB8EF00F53A34 /* Main.storyboard */ = {
			isa = PBXVariantGroup;
			children = (
				5B6D882D230BB8EF00F53A34 /* Base */,
			);
			name = Main.storyboard;
			sourceTree = "<group>";
		};
		5B6D8831230BB8F100F53A34 /* LaunchScreen.storyboard */ = {
			isa = PBXVariantGroup;
			children = (
				5B6D8832230BB8F100F53A34 /* Base */,
			);
			name = LaunchScreen.storyboard;
			sourceTree = "<group>";
		};
/* End PBXVariantGroup section */

/* Begin XCBuildConfiguration section */
		5B6D884B230BB8F100F53A34 /* Debug */ = {
			isa = XCBuildConfiguration;
			buildSettings = {
				ALWAYS_SEARCH_USER_PATHS = NO;
				CLANG_ANALYZER_NONNULL = YES;
				CLANG_ANALYZER_NUMBER_OBJECT_CONVERSION = YES_AGGRESSIVE;
				CLANG_CXX_LANGUAGE_STANDARD = "gnu++14";
				CLANG_CXX_LIBRARY = "libc++";
				CLANG_ENABLE_MODULES = YES;
				CLANG_ENABLE_OBJC_ARC = YES;
				CLANG_ENABLE_OBJC_WEAK = YES;
				CLANG_WARN_BLOCK_CAPTURE_AUTORELEASING = YES;
				CLANG_WARN_BOOL_CONVERSION = YES;
				CLANG_WARN_COMMA = YES;
				CLANG_WARN_CONSTANT_CONVERSION = YES;
				CLANG_WARN_DEPRECATED_OBJC_IMPLEMENTATIONS = YES;
				CLANG_WARN_DIRECT_OBJC_ISA_USAGE = YES_ERROR;
				CLANG_WARN_DOCUMENTATION_COMMENTS = YES;
				CLANG_WARN_EMPTY_BODY = YES;
				CLANG_WARN_ENUM_CONVERSION = YES;
				CLANG_WARN_INFINITE_RECURSION = YES;
				CLANG_WARN_INT_CONVERSION = YES;
				CLANG_WARN_NON_LITERAL_NULL_CONVERSION = YES;
				CLANG_WARN_OBJC_IMPLICIT_RETAIN_SELF = YES;
				CLANG_WARN_OBJC_LITERAL_CONVERSION = YES;
				CLANG_WARN_OBJC_ROOT_CLASS = YES_ERROR;
				CLANG_WARN_RANGE_LOOP_ANALYSIS = YES;
				CLANG_WARN_STRICT_PROTOTYPES = YES;
				CLANG_WARN_SUSPICIOUS_MOVE = YES;
				CLANG_WARN_UNGUARDED_AVAILABILITY = YES_AGGRESSIVE;
				CLANG_WARN_UNREACHABLE_CODE = YES;
				CLANG_WARN__DUPLICATE_METHOD_MATCH = YES;
				CODE_SIGN_IDENTITY = "iPhone Developer";
				COPY_PHASE_STRIP = NO;
				DEBUG_INFORMATION_FORMAT = dwarf;
				ENABLE_STRICT_OBJC_MSGSEND = YES;
				ENABLE_TESTABILITY = YES;
				GCC_C_LANGUAGE_STANDARD = gnu11;
				GCC_DYNAMIC_NO_PIC = NO;
				GCC_NO_COMMON_BLOCKS = YES;
				GCC_OPTIMIZATION_LEVEL = 0;
				GCC_PREPROCESSOR_DEFINITIONS = (
					"DEBUG=1",
					"$(inherited)",
				);
				GCC_WARN_64_TO_32_BIT_CONVERSION = YES;
				GCC_WARN_ABOUT_RETURN_TYPE = YES_ERROR;
				GCC_WARN_UNDECLARED_SELECTOR = YES;
				GCC_WARN_UNINITIALIZED_AUTOS = YES_AGGRESSIVE;
				GCC_WARN_UNUSED_FUNCTION = YES;
				GCC_WARN_UNUSED_VARIABLE = YES;
				IPHONEOS_DEPLOYMENT_TARGET = 12.4;
				MTL_ENABLE_DEBUG_INFO = INCLUDE_SOURCE;
				MTL_FAST_MATH = YES;
				ONLY_ACTIVE_ARCH = YES;
				SDKROOT = iphoneos;
				SWIFT_ACTIVE_COMPILATION_CONDITIONS = DEBUG;
				SWIFT_OPTIMIZATION_LEVEL = "-Onone";
			};
			name = Debug;
		};
		5B6D884C230BB8F100F53A34 /* Release */ = {
			isa = XCBuildConfiguration;
			buildSettings = {
				ALWAYS_SEARCH_USER_PATHS = NO;
				CLANG_ANALYZER_NONNULL = YES;
				CLANG_ANALYZER_NUMBER_OBJECT_CONVERSION = YES_AGGRESSIVE;
				CLANG_CXX_LANGUAGE_STANDARD = "gnu++14";
				CLANG_CXX_LIBRARY = "libc++";
				CLANG_ENABLE_MODULES = YES;
				CLANG_ENABLE_OBJC_ARC = YES;
				CLANG_ENABLE_OBJC_WEAK = YES;
				CLANG_WARN_BLOCK_CAPTURE_AUTORELEASING = YES;
				CLANG_WARN_BOOL_CONVERSION = YES;
				CLANG_WARN_COMMA = YES;
				CLANG_WARN_CONSTANT_CONVERSION = YES;
				CLANG_WARN_DEPRECATED_OBJC_IMPLEMENTATIONS = YES;
				CLANG_WARN_DIRECT_OBJC_ISA_USAGE = YES_ERROR;
				CLANG_WARN_DOCUMENTATION_COMMENTS = YES;
				CLANG_WARN_EMPTY_BODY = YES;
				CLANG_WARN_ENUM_CONVERSION = YES;
				CLANG_WARN_INFINITE_RECURSION = YES;
				CLANG_WARN_INT_CONVERSION = YES;
				CLANG_WARN_NON_LITERAL_NULL_CONVERSION = YES;
				CLANG_WARN_OBJC_IMPLICIT_RETAIN_SELF = YES;
				CLANG_WARN_OBJC_LITERAL_CONVERSION = YES;
				CLANG_WARN_OBJC_ROOT_CLASS = YES_ERROR;
				CLANG_WARN_RANGE_LOOP_ANALYSIS = YES;
				CLANG_WARN_STRICT_PROTOTYPES = YES;
				CLANG_WARN_SUSPICIOUS_MOVE = YES;
				CLANG_WARN_UNGUARDED_AVAILABILITY = YES_AGGRESSIVE;
				CLANG_WARN_UNREACHABLE_CODE = YES;
				CLANG_WARN__DUPLICATE_METHOD_MATCH = YES;
				CODE_SIGN_IDENTITY = "iPhone Developer";
				COPY_PHASE_STRIP = NO;
				DEBUG_INFORMATION_FORMAT = "dwarf-with-dsym";
				ENABLE_NS_ASSERTIONS = NO;
				ENABLE_STRICT_OBJC_MSGSEND = YES;
				GCC_C_LANGUAGE_STANDARD = gnu11;
				GCC_NO_COMMON_BLOCKS = YES;
				GCC_WARN_64_TO_32_BIT_CONVERSION = YES;
				GCC_WARN_ABOUT_RETURN_TYPE = YES_ERROR;
				GCC_WARN_UNDECLARED_SELECTOR = YES;
				GCC_WARN_UNINITIALIZED_AUTOS = YES_AGGRESSIVE;
				GCC_WARN_UNUSED_FUNCTION = YES;
				GCC_WARN_UNUSED_VARIABLE = YES;
				IPHONEOS_DEPLOYMENT_TARGET = 12.4;
				MTL_ENABLE_DEBUG_INFO = NO;
				MTL_FAST_MATH = YES;
				SDKROOT = iphoneos;
				SWIFT_COMPILATION_MODE = wholemodule;
				SWIFT_OPTIMIZATION_LEVEL = "-O";
				VALIDATE_PRODUCT = YES;
			};
			name = Release;
		};
		5B6D884E230BB8F100F53A34 /* Debug */ = {
			isa = XCBuildConfiguration;
			baseConfigurationReference = E274F1C6B628EDEC04FA2088 /* Pods-Go-Jek.debug.xcconfig */;
			buildSettings = {
				ASSETCATALOG_COMPILER_APPICON_NAME = AppIcon;
				CODE_SIGN_STYLE = Automatic;
				INFOPLIST_FILE = "Go-Jek/Info.plist";
				LD_RUNPATH_SEARCH_PATHS = (
					"$(inherited)",
					"@executable_path/Frameworks",
				);
				PRODUCT_BUNDLE_IDENTIFIER = "com.Go-Jek";
				PRODUCT_NAME = "$(TARGET_NAME)";
				SWIFT_VERSION = 5.0;
				TARGETED_DEVICE_FAMILY = "1,2";
			};
			name = Debug;
		};
		5B6D884F230BB8F100F53A34 /* Release */ = {
			isa = XCBuildConfiguration;
			baseConfigurationReference = ECF6C4499E67054A54272F5C /* Pods-Go-Jek.release.xcconfig */;
			buildSettings = {
				ASSETCATALOG_COMPILER_APPICON_NAME = AppIcon;
				CODE_SIGN_STYLE = Automatic;
				INFOPLIST_FILE = "Go-Jek/Info.plist";
				LD_RUNPATH_SEARCH_PATHS = (
					"$(inherited)",
					"@executable_path/Frameworks",
				);
				PRODUCT_BUNDLE_IDENTIFIER = "com.Go-Jek";
				PRODUCT_NAME = "$(TARGET_NAME)";
				SWIFT_VERSION = 5.0;
				TARGETED_DEVICE_FAMILY = "1,2";
			};
			name = Release;
		};
		5B6D8851230BB8F100F53A34 /* Debug */ = {
			isa = XCBuildConfiguration;
			baseConfigurationReference = 61011AC00CC932DE7C6FD42C /* Pods-Go-JekTests.debug.xcconfig */;
			buildSettings = {
				ALWAYS_EMBED_SWIFT_STANDARD_LIBRARIES = YES;
				BUNDLE_LOADER = "$(TEST_HOST)";
				CODE_SIGN_STYLE = Automatic;
				INFOPLIST_FILE = "Go-JekTests/Info.plist";
				LD_RUNPATH_SEARCH_PATHS = (
					"$(inherited)",
					"@executable_path/Frameworks",
					"@loader_path/Frameworks",
				);
				PRODUCT_BUNDLE_IDENTIFIER = "com.Go-JekTests";
				PRODUCT_NAME = "$(TARGET_NAME)";
				SWIFT_VERSION = 5.0;
				TARGETED_DEVICE_FAMILY = "1,2";
				TEST_HOST = "$(BUILT_PRODUCTS_DIR)/Go-Jek.app/Go-Jek";
			};
			name = Debug;
		};
		5B6D8852230BB8F100F53A34 /* Release */ = {
			isa = XCBuildConfiguration;
			baseConfigurationReference = 8B4F6F4229E6AB52D45C1ECB /* Pods-Go-JekTests.release.xcconfig */;
			buildSettings = {
				ALWAYS_EMBED_SWIFT_STANDARD_LIBRARIES = YES;
				BUNDLE_LOADER = "$(TEST_HOST)";
				CODE_SIGN_STYLE = Automatic;
				INFOPLIST_FILE = "Go-JekTests/Info.plist";
				LD_RUNPATH_SEARCH_PATHS = (
					"$(inherited)",
					"@executable_path/Frameworks",
					"@loader_path/Frameworks",
				);
				PRODUCT_BUNDLE_IDENTIFIER = "com.Go-JekTests";
				PRODUCT_NAME = "$(TARGET_NAME)";
				SWIFT_VERSION = 5.0;
				TARGETED_DEVICE_FAMILY = "1,2";
				TEST_HOST = "$(BUILT_PRODUCTS_DIR)/Go-Jek.app/Go-Jek";
			};
			name = Release;
		};
		5B6D8854230BB8F100F53A34 /* Debug */ = {
			isa = XCBuildConfiguration;
			baseConfigurationReference = D7DC535195FF06ABC35AF656 /* Pods-Go-JekUITests.debug.xcconfig */;
			buildSettings = {
				ALWAYS_EMBED_SWIFT_STANDARD_LIBRARIES = YES;
				CODE_SIGN_STYLE = Automatic;
				INFOPLIST_FILE = "Go-JekUITests/Info.plist";
				LD_RUNPATH_SEARCH_PATHS = (
					"$(inherited)",
					"@executable_path/Frameworks",
					"@loader_path/Frameworks",
				);
				PRODUCT_BUNDLE_IDENTIFIER = "com.Go-JekUITests";
				PRODUCT_NAME = "$(TARGET_NAME)";
				SWIFT_VERSION = 5.0;
				TARGETED_DEVICE_FAMILY = "1,2";
				TEST_TARGET_NAME = "Go-Jek";
			};
			name = Debug;
		};
		5B6D8855230BB8F100F53A34 /* Release */ = {
			isa = XCBuildConfiguration;
			baseConfigurationReference = A65183817453EBA6B343AD43 /* Pods-Go-JekUITests.release.xcconfig */;
			buildSettings = {
				ALWAYS_EMBED_SWIFT_STANDARD_LIBRARIES = YES;
				CODE_SIGN_STYLE = Automatic;
				INFOPLIST_FILE = "Go-JekUITests/Info.plist";
				LD_RUNPATH_SEARCH_PATHS = (
					"$(inherited)",
					"@executable_path/Frameworks",
					"@loader_path/Frameworks",
				);
				PRODUCT_BUNDLE_IDENTIFIER = "com.Go-JekUITests";
				PRODUCT_NAME = "$(TARGET_NAME)";
				SWIFT_VERSION = 5.0;
				TARGETED_DEVICE_FAMILY = "1,2";
				TEST_TARGET_NAME = "Go-Jek";
			};
			name = Release;
		};
/* End XCBuildConfiguration section */

/* Begin XCConfigurationList section */
		5B6D8820230BB8EF00F53A34 /* Build configuration list for PBXProject "Go-Jek" */ = {
			isa = XCConfigurationList;
			buildConfigurations = (
				5B6D884B230BB8F100F53A34 /* Debug */,
				5B6D884C230BB8F100F53A34 /* Release */,
			);
			defaultConfigurationIsVisible = 0;
			defaultConfigurationName = Release;
		};
		5B6D884D230BB8F100F53A34 /* Build configuration list for PBXNativeTarget "Go-Jek" */ = {
			isa = XCConfigurationList;
			buildConfigurations = (
				5B6D884E230BB8F100F53A34 /* Debug */,
				5B6D884F230BB8F100F53A34 /* Release */,
			);
			defaultConfigurationIsVisible = 0;
			defaultConfigurationName = Release;
		};
		5B6D8850230BB8F100F53A34 /* Build configuration list for PBXNativeTarget "Go-JekTests" */ = {
			isa = XCConfigurationList;
			buildConfigurations = (
				5B6D8851230BB8F100F53A34 /* Debug */,
				5B6D8852230BB8F100F53A34 /* Release */,
			);
			defaultConfigurationIsVisible = 0;
			defaultConfigurationName = Release;
		};
		5B6D8853230BB8F100F53A34 /* Build configuration list for PBXNativeTarget "Go-JekUITests" */ = {
			isa = XCConfigurationList;
			buildConfigurations = (
				5B6D8854230BB8F100F53A34 /* Debug */,
				5B6D8855230BB8F100F53A34 /* Release */,
			);
			defaultConfigurationIsVisible = 0;
			defaultConfigurationName = Release;
		};
/* End XCConfigurationList section */
	};
	rootObject = 5B6D881D230BB8EF00F53A34 /* Project object */;
}
